// !$*UTF8*$!
{
	archiveVersion = 1;
	classes = {
	};
	objectVersion = 56;
	objects = {

/* Begin PBXBuildFile section */
		2C23D9EA2B72951F00963C42 /* BooksApp.swift in Sources */ = {isa = PBXBuildFile; fileRef = 2C23D9E92B72951F00963C42 /* BooksApp.swift */; };
		2C23D9EC2B72951F00963C42 /* ContentView.swift in Sources */ = {isa = PBXBuildFile; fileRef = 2C23D9EB2B72951F00963C42 /* ContentView.swift */; };
		2C23D9EE2B72952000963C42 /* Assets.xcassets in Resources */ = {isa = PBXBuildFile; fileRef = 2C23D9ED2B72952000963C42 /* Assets.xcassets */; };
		2C23D9F12B72952000963C42 /* Preview Assets.xcassets in Resources */ = {isa = PBXBuildFile; fileRef = 2C23D9F02B72952000963C42 /* Preview Assets.xcassets */; };
		2C23D9FB2B72952100963C42 /* BooksTests.swift in Sources */ = {isa = PBXBuildFile; fileRef = 2C23D9FA2B72952100963C42 /* BooksTests.swift */; };
		2C23DA052B72952100963C42 /* BooksUITests.swift in Sources */ = {isa = PBXBuildFile; fileRef = 2C23DA042B72952100963C42 /* BooksUITests.swift */; };
		2C23DA072B72952100963C42 /* BooksUITestsLaunchTests.swift in Sources */ = {isa = PBXBuildFile; fileRef = 2C23DA062B72952100963C42 /* BooksUITestsLaunchTests.swift */; };
		2C23DA142B729A0C00963C42 /* Inicio.swift in Sources */ = {isa = PBXBuildFile; fileRef = 2C23DA132B729A0C00963C42 /* Inicio.swift */; };
		2C23DA162B7465B100963C42 /* libros.json in Resources */ = {isa = PBXBuildFile; fileRef = 2C23DA152B7465B000963C42 /* libros.json */; };
		2C23DA1A2B75887C00963C42 /* TradeView.swift in Sources */ = {isa = PBXBuildFile; fileRef = 2C23DA192B75887C00963C42 /* TradeView.swift */; };
		2C23DA1E2B75CE2B00963C42 /* TradeOneView.swift in Sources */ = {isa = PBXBuildFile; fileRef = 2C23DA1D2B75CE2B00963C42 /* TradeOneView.swift */; };
		2C23DA222B769B3A00963C42 /* BagView.swift in Sources */ = {isa = PBXBuildFile; fileRef = 2C23DA212B769B3900963C42 /* BagView.swift */; };
		2C23DA242B76E02800963C42 /* UploadView.swift in Sources */ = {isa = PBXBuildFile; fileRef = 2C23DA232B76E02800963C42 /* UploadView.swift */; };
		2C23DA262B76E9DE00963C42 /* CameraView.swift in Sources */ = {isa = PBXBuildFile; fileRef = 2C23DA252B76E9DE00963C42 /* CameraView.swift */; };
/* End PBXBuildFile section */

/* Begin PBXContainerItemProxy section */
		2C23D9F72B72952100963C42 /* PBXContainerItemProxy */ = {
			isa = PBXContainerItemProxy;
			containerPortal = 2C23D9DE2B72951F00963C42 /* Project object */;
			proxyType = 1;
			remoteGlobalIDString = 2C23D9E52B72951F00963C42;
			remoteInfo = Books;
		};
		2C23DA012B72952100963C42 /* PBXContainerItemProxy */ = {
			isa = PBXContainerItemProxy;
			containerPortal = 2C23D9DE2B72951F00963C42 /* Project object */;
			proxyType = 1;
			remoteGlobalIDString = 2C23D9E52B72951F00963C42;
			remoteInfo = Books;
		};
/* End PBXContainerItemProxy section */

/* Begin PBXFileReference section */
		2C23D9E62B72951F00963C42 /* Books.app */ = {isa = PBXFileReference; explicitFileType = wrapper.application; includeInIndex = 0; path = Books.app; sourceTree = BUILT_PRODUCTS_DIR; };
		2C23D9E92B72951F00963C42 /* BooksApp.swift */ = {isa = PBXFileReference; lastKnownFileType = sourcecode.swift; path = BooksApp.swift; sourceTree = "<group>"; };
		2C23D9EB2B72951F00963C42 /* ContentView.swift */ = {isa = PBXFileReference; lastKnownFileType = sourcecode.swift; path = ContentView.swift; sourceTree = "<group>"; };
		2C23D9ED2B72952000963C42 /* Assets.xcassets */ = {isa = PBXFileReference; lastKnownFileType = folder.assetcatalog; path = Assets.xcassets; sourceTree = "<group>"; };
		2C23D9F02B72952000963C42 /* Preview Assets.xcassets */ = {isa = PBXFileReference; lastKnownFileType = folder.assetcatalog; path = "Preview Assets.xcassets"; sourceTree = "<group>"; };
		2C23D9F62B72952100963C42 /* BooksTests.xctest */ = {isa = PBXFileReference; explicitFileType = wrapper.cfbundle; includeInIndex = 0; path = BooksTests.xctest; sourceTree = BUILT_PRODUCTS_DIR; };
		2C23D9FA2B72952100963C42 /* BooksTests.swift */ = {isa = PBXFileReference; lastKnownFileType = sourcecode.swift; path = BooksTests.swift; sourceTree = "<group>"; };
		2C23DA002B72952100963C42 /* BooksUITests.xctest */ = {isa = PBXFileReference; explicitFileType = wrapper.cfbundle; includeInIndex = 0; path = BooksUITests.xctest; sourceTree = BUILT_PRODUCTS_DIR; };
		2C23DA042B72952100963C42 /* BooksUITests.swift */ = {isa = PBXFileReference; lastKnownFileType = sourcecode.swift; path = BooksUITests.swift; sourceTree = "<group>"; };
		2C23DA062B72952100963C42 /* BooksUITestsLaunchTests.swift */ = {isa = PBXFileReference; lastKnownFileType = sourcecode.swift; path = BooksUITestsLaunchTests.swift; sourceTree = "<group>"; };
		2C23DA132B729A0C00963C42 /* Inicio.swift */ = {isa = PBXFileReference; lastKnownFileType = sourcecode.swift; path = Inicio.swift; sourceTree = "<group>"; };
		2C23DA152B7465B000963C42 /* libros.json */ = {isa = PBXFileReference; fileEncoding = 4; lastKnownFileType = text.json; path = libros.json; sourceTree = "<group>"; };
		2C23DA192B75887C00963C42 /* TradeView.swift */ = {isa = PBXFileReference; lastKnownFileType = sourcecode.swift; path = TradeView.swift; sourceTree = "<group>"; };
		2C23DA1D2B75CE2B00963C42 /* TradeOneView.swift */ = {isa = PBXFileReference; lastKnownFileType = sourcecode.swift; path = TradeOneView.swift; sourceTree = "<group>"; };
		2C23DA212B769B3900963C42 /* BagView.swift */ = {isa = PBXFileReference; lastKnownFileType = sourcecode.swift; path = BagView.swift; sourceTree = "<group>"; };
		2C23DA232B76E02800963C42 /* UploadView.swift */ = {isa = PBXFileReference; lastKnownFileType = sourcecode.swift; path = UploadView.swift; sourceTree = "<group>"; };
		2C23DA252B76E9DE00963C42 /* CameraView.swift */ = {isa = PBXFileReference; lastKnownFileType = sourcecode.swift; path = CameraView.swift; sourceTree = "<group>"; };
/* End PBXFileReference section */

/* Begin PBXFrameworksBuildPhase section */
		2C23D9E32B72951F00963C42 /* Frameworks */ = {
			isa = PBXFrameworksBuildPhase;
			buildActionMask = 2147483647;
			files = (
			);
			runOnlyForDeploymentPostprocessing = 0;
		};
		2C23D9F32B72952100963C42 /* Frameworks */ = {
			isa = PBXFrameworksBuildPhase;
			buildActionMask = 2147483647;
			files = (
			);
			runOnlyForDeploymentPostprocessing = 0;
		};
		2C23D9FD2B72952100963C42 /* Frameworks */ = {
			isa = PBXFrameworksBuildPhase;
			buildActionMask = 2147483647;
			files = (
			);
			runOnlyForDeploymentPostprocessing = 0;
		};
/* End PBXFrameworksBuildPhase section */

/* Begin PBXGroup section */
		2C23D9DD2B72951F00963C42 = {
			isa = PBXGroup;
			children = (
				2C23D9E82B72951F00963C42 /* Books */,
				2C23D9F92B72952100963C42 /* BooksTests */,
				2C23DA032B72952100963C42 /* BooksUITests */,
				2C23D9E72B72951F00963C42 /* Products */,
			);
			sourceTree = "<group>";
		};
		2C23D9E72B72951F00963C42 /* Products */ = {
			isa = PBXGroup;
			children = (
				2C23D9E62B72951F00963C42 /* Books.app */,
				2C23D9F62B72952100963C42 /* BooksTests.xctest */,
				2C23DA002B72952100963C42 /* BooksUITests.xctest */,
			);
			name = Products;
			sourceTree = "<group>";
		};
		2C23D9E82B72951F00963C42 /* Books */ = {
			isa = PBXGroup;
			children = (
				2C23D9E92B72951F00963C42 /* BooksApp.swift */,
				2C23DA192B75887C00963C42 /* TradeView.swift */,
				2C23DA1D2B75CE2B00963C42 /* TradeOneView.swift */,
				2C23DA212B769B3900963C42 /* BagView.swift */,
				2C23D9EB2B72951F00963C42 /* ContentView.swift */,
				2C23DA252B76E9DE00963C42 /* CameraView.swift */,
				2C23DA232B76E02800963C42 /* UploadView.swift */,
				2C23DA132B729A0C00963C42 /* Inicio.swift */,
				2C23DA152B7465B000963C42 /* libros.json */,
				2C23D9ED2B72952000963C42 /* Assets.xcassets */,
				2C23D9EF2B72952000963C42 /* Preview Content */,
			);
			path = Books;
			sourceTree = "<group>";
		};
		2C23D9EF2B72952000963C42 /* Preview Content */ = {
			isa = PBXGroup;
			children = (
				2C23D9F02B72952000963C42 /* Preview Assets.xcassets */,
			);
			path = "Preview Content";
			sourceTree = "<group>";
		};
		2C23D9F92B72952100963C42 /* BooksTests */ = {
			isa = PBXGroup;
			children = (
				2C23D9FA2B72952100963C42 /* BooksTests.swift */,
			);
			path = BooksTests;
			sourceTree = "<group>";
		};
		2C23DA032B72952100963C42 /* BooksUITests */ = {
			isa = PBXGroup;
			children = (
				2C23DA042B72952100963C42 /* BooksUITests.swift */,
				2C23DA062B72952100963C42 /* BooksUITestsLaunchTests.swift */,
			);
			path = BooksUITests;
			sourceTree = "<group>";
		};
/* End PBXGroup section */

/* Begin PBXNativeTarget section */
		2C23D9E52B72951F00963C42 /* Books */ = {
			isa = PBXNativeTarget;
			buildConfigurationList = 2C23DA0A2B72952100963C42 /* Build configuration list for PBXNativeTarget "Books" */;
			buildPhases = (
				2C23D9E22B72951F00963C42 /* Sources */,
				2C23D9E32B72951F00963C42 /* Frameworks */,
				2C23D9E42B72951F00963C42 /* Resources */,
			);
			buildRules = (
			);
			dependencies = (
			);
			name = Books;
			productName = Books;
			productReference = 2C23D9E62B72951F00963C42 /* Books.app */;
			productType = "com.apple.product-type.application";
		};
		2C23D9F52B72952100963C42 /* BooksTests */ = {
			isa = PBXNativeTarget;
			buildConfigurationList = 2C23DA0D2B72952100963C42 /* Build configuration list for PBXNativeTarget "BooksTests" */;
			buildPhases = (
				2C23D9F22B72952100963C42 /* Sources */,
				2C23D9F32B72952100963C42 /* Frameworks */,
				2C23D9F42B72952100963C42 /* Resources */,
			);
			buildRules = (
			);
			dependencies = (
				2C23D9F82B72952100963C42 /* PBXTargetDependency */,
			);
			name = BooksTests;
			productName = BooksTests;
			productReference = 2C23D9F62B72952100963C42 /* BooksTests.xctest */;
			productType = "com.apple.product-type.bundle.unit-test";
		};
		2C23D9FF2B72952100963C42 /* BooksUITests */ = {
			isa = PBXNativeTarget;
			buildConfigurationList = 2C23DA102B72952100963C42 /* Build configuration list for PBXNativeTarget "BooksUITests" */;
			buildPhases = (
				2C23D9FC2B72952100963C42 /* Sources */,
				2C23D9FD2B72952100963C42 /* Frameworks */,
				2C23D9FE2B72952100963C42 /* Resources */,
			);
			buildRules = (
			);
			dependencies = (
				2C23DA022B72952100963C42 /* PBXTargetDependency */,
			);
			name = BooksUITests;
			productName = BooksUITests;
			productReference = 2C23DA002B72952100963C42 /* BooksUITests.xctest */;
			productType = "com.apple.product-type.bundle.ui-testing";
		};
/* End PBXNativeTarget section */

/* Begin PBXProject section */
		2C23D9DE2B72951F00963C42 /* Project object */ = {
			isa = PBXProject;
			attributes = {
				BuildIndependentTargetsInParallel = 1;
				LastSwiftUpdateCheck = 1500;
				LastUpgradeCheck = 1500;
				TargetAttributes = {
					2C23D9E52B72951F00963C42 = {
						CreatedOnToolsVersion = 15.0.1;
					};
					2C23D9F52B72952100963C42 = {
						CreatedOnToolsVersion = 15.0.1;
						TestTargetID = 2C23D9E52B72951F00963C42;
					};
					2C23D9FF2B72952100963C42 = {
						CreatedOnToolsVersion = 15.0.1;
						TestTargetID = 2C23D9E52B72951F00963C42;
					};
				};
			};
			buildConfigurationList = 2C23D9E12B72951F00963C42 /* Build configuration list for PBXProject "Books" */;
			compatibilityVersion = "Xcode 14.0";
			developmentRegion = en;
			hasScannedForEncodings = 0;
			knownRegions = (
				en,
				Base,
			);
			mainGroup = 2C23D9DD2B72951F00963C42;
			productRefGroup = 2C23D9E72B72951F00963C42 /* Products */;
			projectDirPath = "";
			projectRoot = "";
			targets = (
				2C23D9E52B72951F00963C42 /* Books */,
				2C23D9F52B72952100963C42 /* BooksTests */,
				2C23D9FF2B72952100963C42 /* BooksUITests */,
			);
		};
/* End PBXProject section */

/* Begin PBXResourcesBuildPhase section */
		2C23D9E42B72951F00963C42 /* Resources */ = {
			isa = PBXResourcesBuildPhase;
			buildActionMask = 2147483647;
			files = (
				2C23D9F12B72952000963C42 /* Preview Assets.xcassets in Resources */,
				2C23DA162B7465B100963C42 /* libros.json in Resources */,
				2C23D9EE2B72952000963C42 /* Assets.xcassets in Resources */,
			);
			runOnlyForDeploymentPostprocessing = 0;
		};
		2C23D9F42B72952100963C42 /* Resources */ = {
			isa = PBXResourcesBuildPhase;
			buildActionMask = 2147483647;
			files = (
			);
			runOnlyForDeploymentPostprocessing = 0;
		};
		2C23D9FE2B72952100963C42 /* Resources */ = {
			isa = PBXResourcesBuildPhase;
			buildActionMask = 2147483647;
			files = (
			);
			runOnlyForDeploymentPostprocessing = 0;
		};
/* End PBXResourcesBuildPhase section */

/* Begin PBXSourcesBuildPhase section */
		2C23D9E22B72951F00963C42 /* Sources */ = {
			isa = PBXSourcesBuildPhase;
			buildActionMask = 2147483647;
			files = (
				2C23D9EC2B72951F00963C42 /* ContentView.swift in Sources */,
				2C23DA1A2B75887C00963C42 /* TradeView.swift in Sources */,
				2C23D9EA2B72951F00963C42 /* BooksApp.swift in Sources */,
				2C23DA1E2B75CE2B00963C42 /* TradeOneView.swift in Sources */,
				2C23DA242B76E02800963C42 /* UploadView.swift in Sources */,
				2C23DA142B729A0C00963C42 /* Inicio.swift in Sources */,
				2C23DA222B769B3A00963C42 /* BagView.swift in Sources */,
				2C23DA262B76E9DE00963C42 /* CameraView.swift in Sources */,
			);
			runOnlyForDeploymentPostprocessing = 0;
		};
		2C23D9F22B72952100963C42 /* Sources */ = {
			isa = PBXSourcesBuildPhase;
			buildActionMask = 2147483647;
			files = (
				2C23D9FB2B72952100963C42 /* BooksTests.swift in Sources */,
			);
			runOnlyForDeploymentPostprocessing = 0;
		};
		2C23D9FC2B72952100963C42 /* Sources */ = {
			isa = PBXSourcesBuildPhase;
			buildActionMask = 2147483647;
			files = (
				2C23DA052B72952100963C42 /* BooksUITests.swift in Sources */,
				2C23DA072B72952100963C42 /* BooksUITestsLaunchTests.swift in Sources */,
			);
			runOnlyForDeploymentPostprocessing = 0;
		};
/* End PBXSourcesBuildPhase section */

/* Begin PBXTargetDependency section */
		2C23D9F82B72952100963C42 /* PBXTargetDependency */ = {
			isa = PBXTargetDependency;
			target = 2C23D9E52B72951F00963C42 /* Books */;
			targetProxy = 2C23D9F72B72952100963C42 /* PBXContainerItemProxy */;
		};
		2C23DA022B72952100963C42 /* PBXTargetDependency */ = {
			isa = PBXTargetDependency;
			target = 2C23D9E52B72951F00963C42 /* Books */;
			targetProxy = 2C23DA012B72952100963C42 /* PBXContainerItemProxy */;
		};
/* End PBXTargetDependency section */

/* Begin XCBuildConfiguration section */
		2C23DA082B72952100963C42 /* Debug */ = {
			isa = XCBuildConfiguration;
			buildSettings = {
				ALWAYS_SEARCH_USER_PATHS = NO;
				ASSETCATALOG_COMPILER_GENERATE_SWIFT_ASSET_SYMBOL_EXTENSIONS = YES;
				CLANG_ANALYZER_NONNULL = YES;
				CLANG_ANALYZER_NUMBER_OBJECT_CONVERSION = YES_AGGRESSIVE;
				CLANG_CXX_LANGUAGE_STANDARD = "gnu++20";
				CLANG_ENABLE_MODULES = YES;
				CLANG_ENABLE_OBJC_ARC = YES;
				CLANG_ENABLE_OBJC_WEAK = YES;
				CLANG_WARN_BLOCK_CAPTURE_AUTORELEASING = YES;
				CLANG_WARN_BOOL_CONVERSION = YES;
				CLANG_WARN_COMMA = YES;
				CLANG_WARN_CONSTANT_CONVERSION = YES;
				CLANG_WARN_DEPRECATED_OBJC_IMPLEMENTATIONS = YES;
				CLANG_WARN_DIRECT_OBJC_ISA_USAGE = YES_ERROR;
				CLANG_WARN_DOCUMENTATION_COMMENTS = YES;
				CLANG_WARN_EMPTY_BODY = YES;
				CLANG_WARN_ENUM_CONVERSION = YES;
				CLANG_WARN_INFINITE_RECURSION = YES;
				CLANG_WARN_INT_CONVERSION = YES;
				CLANG_WARN_NON_LITERAL_NULL_CONVERSION = YES;
				CLANG_WARN_OBJC_IMPLICIT_RETAIN_SELF = YES;
				CLANG_WARN_OBJC_LITERAL_CONVERSION = YES;
				CLANG_WARN_OBJC_ROOT_CLASS = YES_ERROR;
				CLANG_WARN_QUOTED_INCLUDE_IN_FRAMEWORK_HEADER = YES;
				CLANG_WARN_RANGE_LOOP_ANALYSIS = YES;
				CLANG_WARN_STRICT_PROTOTYPES = YES;
				CLANG_WARN_SUSPICIOUS_MOVE = YES;
				CLANG_WARN_UNGUARDED_AVAILABILITY = YES_AGGRESSIVE;
				CLANG_WARN_UNREACHABLE_CODE = YES;
				CLANG_WARN__DUPLICATE_METHOD_MATCH = YES;
				COPY_PHASE_STRIP = NO;
				DEBUG_INFORMATION_FORMAT = dwarf;
				ENABLE_STRICT_OBJC_MSGSEND = YES;
				ENABLE_TESTABILITY = YES;
				ENABLE_USER_SCRIPT_SANDBOXING = YES;
				GCC_C_LANGUAGE_STANDARD = gnu17;
				GCC_DYNAMIC_NO_PIC = NO;
				GCC_NO_COMMON_BLOCKS = YES;
				GCC_OPTIMIZATION_LEVEL = 0;
				GCC_PREPROCESSOR_DEFINITIONS = (
					"DEBUG=1",
					"$(inherited)",
				);
				GCC_WARN_64_TO_32_BIT_CONVERSION = YES;
				GCC_WARN_ABOUT_RETURN_TYPE = YES_ERROR;
				GCC_WARN_UNDECLARED_SELECTOR = YES;
				GCC_WARN_UNINITIALIZED_AUTOS = YES_AGGRESSIVE;
				GCC_WARN_UNUSED_FUNCTION = YES;
				GCC_WARN_UNUSED_VARIABLE = YES;
				IPHONEOS_DEPLOYMENT_TARGET = 17.0;
				LOCALIZATION_PREFERS_STRING_CATALOGS = YES;
				MTL_ENABLE_DEBUG_INFO = INCLUDE_SOURCE;
				MTL_FAST_MATH = YES;
				ONLY_ACTIVE_ARCH = YES;
				SDKROOT = iphoneos;
				SWIFT_ACTIVE_COMPILATION_CONDITIONS = "DEBUG $(inherited)";
				SWIFT_OPTIMIZATION_LEVEL = "-Onone";
			};
			name = Debug;
		};
		2C23DA092B72952100963C42 /* Release */ = {
			isa = XCBuildConfiguration;
			buildSettings = {
				ALWAYS_SEARCH_USER_PATHS = NO;
				ASSETCATALOG_COMPILER_GENERATE_SWIFT_ASSET_SYMBOL_EXTENSIONS = YES;
				CLANG_ANALYZER_NONNULL = YES;
				CLANG_ANALYZER_NUMBER_OBJECT_CONVERSION = YES_AGGRESSIVE;
				CLANG_CXX_LANGUAGE_STANDARD = "gnu++20";
				CLANG_ENABLE_MODULES = YES;
				CLANG_ENABLE_OBJC_ARC = YES;
				CLANG_ENABLE_OBJC_WEAK = YES;
				CLANG_WARN_BLOCK_CAPTURE_AUTORELEASING = YES;
				CLANG_WARN_BOOL_CONVERSION = YES;
				CLANG_WARN_COMMA = YES;
				CLANG_WARN_CONSTANT_CONVERSION = YES;
				CLANG_WARN_DEPRECATED_OBJC_IMPLEMENTATIONS = YES;
				CLANG_WARN_DIRECT_OBJC_ISA_USAGE = YES_ERROR;
				CLANG_WARN_DOCUMENTATION_COMMENTS = YES;
				CLANG_WARN_EMPTY_BODY = YES;
				CLANG_WARN_ENUM_CONVERSION = YES;
				CLANG_WARN_INFINITE_RECURSION = YES;
				CLANG_WARN_INT_CONVERSION = YES;
				CLANG_WARN_NON_LITERAL_NULL_CONVERSION = YES;
				CLANG_WARN_OBJC_IMPLICIT_RETAIN_SELF = YES;
				CLANG_WARN_OBJC_LITERAL_CONVERSION = YES;
				CLANG_WARN_OBJC_ROOT_CLASS = YES_ERROR;
				CLANG_WARN_QUOTED_INCLUDE_IN_FRAMEWORK_HEADER = YES;
				CLANG_WARN_RANGE_LOOP_ANALYSIS = YES;
				CLANG_WARN_STRICT_PROTOTYPES = YES;
				CLANG_WARN_SUSPICIOUS_MOVE = YES;
				CLANG_WARN_UNGUARDED_AVAILABILITY = YES_AGGRESSIVE;
				CLANG_WARN_UNREACHABLE_CODE = YES;
				CLANG_WARN__DUPLICATE_METHOD_MATCH = YES;
				COPY_PHASE_STRIP = NO;
				DEBUG_INFORMATION_FORMAT = "dwarf-with-dsym";
				ENABLE_NS_ASSERTIONS = NO;
				ENABLE_STRICT_OBJC_MSGSEND = YES;
				ENABLE_USER_SCRIPT_SANDBOXING = YES;
				GCC_C_LANGUAGE_STANDARD = gnu17;
				GCC_NO_COMMON_BLOCKS = YES;
				GCC_WARN_64_TO_32_BIT_CONVERSION = YES;
				GCC_WARN_ABOUT_RETURN_TYPE = YES_ERROR;
				GCC_WARN_UNDECLARED_SELECTOR = YES;
				GCC_WARN_UNINITIALIZED_AUTOS = YES_AGGRESSIVE;
				GCC_WARN_UNUSED_FUNCTION = YES;
				GCC_WARN_UNUSED_VARIABLE = YES;
				IPHONEOS_DEPLOYMENT_TARGET = 17.0;
				LOCALIZATION_PREFERS_STRING_CATALOGS = YES;
				MTL_ENABLE_DEBUG_INFO = NO;
				MTL_FAST_MATH = YES;
				SDKROOT = iphoneos;
				SWIFT_COMPILATION_MODE = wholemodule;
				VALIDATE_PRODUCT = YES;
			};
			name = Release;
		};
		2C23DA0B2B72952100963C42 /* Debug */ = {
			isa = XCBuildConfiguration;
			buildSettings = {
				ASSETCATALOG_COMPILER_APPICON_NAME = AppIcon;
				ASSETCATALOG_COMPILER_GLOBAL_ACCENT_COLOR_NAME = AccentColor;
				CODE_SIGN_STYLE = Automatic;
				CURRENT_PROJECT_VERSION = 1;
				DEVELOPMENT_ASSET_PATHS = "\"Books/Preview Content\"";
				ENABLE_PREVIEWS = YES;
				GENERATE_INFOPLIST_FILE = YES;
				INFOPLIST_KEY_UIApplicationSceneManifest_Generation = YES;
				INFOPLIST_KEY_UIApplicationSupportsIndirectInputEvents = YES;
				INFOPLIST_KEY_UILaunchScreen_Generation = YES;
				INFOPLIST_KEY_UISupportedInterfaceOrientations_iPad = "UIInterfaceOrientationPortrait UIInterfaceOrientationPortraitUpsideDown UIInterfaceOrientationLandscapeLeft UIInterfaceOrientationLandscapeRight";
				INFOPLIST_KEY_UISupportedInterfaceOrientations_iPhone = "UIInterfaceOrientationPortrait UIInterfaceOrientationLandscapeLeft UIInterfaceOrientationLandscapeRight";
				LD_RUNPATH_SEARCH_PATHS = (
					"$(inherited)",
					"@executable_path/Frameworks",
				);
				MARKETING_VERSION = 1.0;
				PRODUCT_BUNDLE_IDENTIFIER = MIIP.Books;
				PRODUCT_NAME = "$(TARGET_NAME)";
				SWIFT_EMIT_LOC_STRINGS = YES;
				SWIFT_VERSION = 5.0;
				TARGETED_DEVICE_FAMILY = "1,2";
			};
			name = Debug;
		};
		2C23DA0C2B72952100963C42 /* Release */ = {
			isa = XCBuildConfiguration;
			buildSettings = {
				ASSETCATALOG_COMPILER_APPICON_NAME = AppIcon;
				ASSETCATALOG_COMPILER_GLOBAL_ACCENT_COLOR_NAME = AccentColor;
				CODE_SIGN_STYLE = Automatic;
				CURRENT_PROJECT_VERSION = 1;
				DEVELOPMENT_ASSET_PATHS = "\"Books/Preview Content\"";
				ENABLE_PREVIEWS = YES;
				GENERATE_INFOPLIST_FILE = YES;
				INFOPLIST_KEY_UIApplicationSceneManifest_Generation = YES;
				INFOPLIST_KEY_UIApplicationSupportsIndirectInputEvents = YES;
				INFOPLIST_KEY_UILaunchScreen_Generation = YES;
				INFOPLIST_KEY_UISupportedInterfaceOrientations_iPad = "UIInterfaceOrientationPortrait UIInterfaceOrientationPortraitUpsideDown UIInterfaceOrientationLandscapeLeft UIInterfaceOrientationLandscapeRight";
				INFOPLIST_KEY_UISupportedInterfaceOrientations_iPhone = "UIInterfaceOrientationPortrait UIInterfaceOrientationLandscapeLeft UIInterfaceOrientationLandscapeRight";
				LD_RUNPATH_SEARCH_PATHS = (
					"$(inherited)",
					"@executable_path/Frameworks",
				);
				MARKETING_VERSION = 1.0;
				PRODUCT_BUNDLE_IDENTIFIER = MIIP.Books;
				PRODUCT_NAME = "$(TARGET_NAME)";
				SWIFT_EMIT_LOC_STRINGS = YES;
				SWIFT_VERSION = 5.0;
				TARGETED_DEVICE_FAMILY = "1,2";
			};
			name = Release;
		};
		2C23DA0E2B72952100963C42 /* Debug */ = {
			isa = XCBuildConfiguration;
			buildSettings = {
				ALWAYS_EMBED_SWIFT_STANDARD_LIBRARIES = YES;
				BUNDLE_LOADER = "$(TEST_HOST)";
				CODE_SIGN_STYLE = Automatic;
				CURRENT_PROJECT_VERSION = 1;
				GENERATE_INFOPLIST_FILE = YES;
				IPHONEOS_DEPLOYMENT_TARGET = 17.0;
				MARKETING_VERSION = 1.0;
				PRODUCT_BUNDLE_IDENTIFIER = MIIP.BooksTests;
				PRODUCT_NAME = "$(TARGET_NAME)";
				SWIFT_EMIT_LOC_STRINGS = NO;
				SWIFT_VERSION = 5.0;
				TARGETED_DEVICE_FAMILY = "1,2";
				TEST_HOST = "$(BUILT_PRODUCTS_DIR)/Books.app/$(BUNDLE_EXECUTABLE_FOLDER_PATH)/Books";
			};
			name = Debug;
		};
		2C23DA0F2B72952100963C42 /* Release */ = {
			isa = XCBuildConfiguration;
			buildSettings = {
				ALWAYS_EMBED_SWIFT_STANDARD_LIBRARIES = YES;
				BUNDLE_LOADER = "$(TEST_HOST)";
				CODE_SIGN_STYLE = Automatic;
				CURRENT_PROJECT_VERSION = 1;
				GENERATE_INFOPLIST_FILE = YES;
				IPHONEOS_DEPLOYMENT_TARGET = 17.0;
				MARKETING_VERSION = 1.0;
				PRODUCT_BUNDLE_IDENTIFIER = MIIP.BooksTests;
				PRODUCT_NAME = "$(TARGET_NAME)";
				SWIFT_EMIT_LOC_STRINGS = NO;
				SWIFT_VERSION = 5.0;
				TARGETED_DEVICE_FAMILY = "1,2";
				TEST_HOST = "$(BUILT_PRODUCTS_DIR)/Books.app/$(BUNDLE_EXECUTABLE_FOLDER_PATH)/Books";
			};
			name = Release;
		};
		2C23DA112B72952100963C42 /* Debug */ = {
			isa = XCBuildConfiguration;
			buildSettings = {
				ALWAYS_EMBED_SWIFT_STANDARD_LIBRARIES = YES;
				CODE_SIGN_STYLE = Automatic;
				CURRENT_PROJECT_VERSION = 1;
				GENERATE_INFOPLIST_FILE = YES;
				MARKETING_VERSION = 1.0;
				PRODUCT_BUNDLE_IDENTIFIER = MIIP.BooksUITests;
				PRODUCT_NAME = "$(TARGET_NAME)";
				SWIFT_EMIT_LOC_STRINGS = NO;
				SWIFT_VERSION = 5.0;
				TARGETED_DEVICE_FAMILY = "1,2";
				TEST_TARGET_NAME = Books;
			};
			name = Debug;
		};
		2C23DA122B72952100963C42 /* Release */ = {
			isa = XCBuildConfiguration;
			buildSettings = {
				ALWAYS_EMBED_SWIFT_STANDARD_LIBRARIES = YES;
				CODE_SIGN_STYLE = Automatic;
				CURRENT_PROJECT_VERSION = 1;
				GENERATE_INFOPLIST_FILE = YES;
				MARKETING_VERSION = 1.0;
				PRODUCT_BUNDLE_IDENTIFIER = MIIP.BooksUITests;
				PRODUCT_NAME = "$(TARGET_NAME)";
				SWIFT_EMIT_LOC_STRINGS = NO;
				SWIFT_VERSION = 5.0;
				TARGETED_DEVICE_FAMILY = "1,2";
				TEST_TARGET_NAME = Books;
			};
			name = Release;
		};
/* End XCBuildConfiguration section */

/* Begin XCConfigurationList section */
		2C23D9E12B72951F00963C42 /* Build configuration list for PBXProject "Books" */ = {
			isa = XCConfigurationList;
			buildConfigurations = (
				2C23DA082B72952100963C42 /* Debug */,
				2C23DA092B72952100963C42 /* Release */,
			);
			defaultConfigurationIsVisible = 0;
			defaultConfigurationName = Release;
		};
		2C23DA0A2B72952100963C42 /* Build configuration list for PBXNativeTarget "Books" */ = {
			isa = XCConfigurationList;
			buildConfigurations = (
				2C23DA0B2B72952100963C42 /* Debug */,
				2C23DA0C2B72952100963C42 /* Release */,
			);
			defaultConfigurationIsVisible = 0;
			defaultConfigurationName = Release;
		};
		2C23DA0D2B72952100963C42 /* Build configuration list for PBXNativeTarget "BooksTests" */ = {
			isa = XCConfigurationList;
			buildConfigurations = (
				2C23DA0E2B72952100963C42 /* Debug */,
				2C23DA0F2B72952100963C42 /* Release */,
			);
			defaultConfigurationIsVisible = 0;
			defaultConfigurationName = Release;
		};
		2C23DA102B72952100963C42 /* Build configuration list for PBXNativeTarget "BooksUITests" */ = {
			isa = XCConfigurationList;
			buildConfigurations = (
				2C23DA112B72952100963C42 /* Debug */,
				2C23DA122B72952100963C42 /* Release */,
			);
			defaultConfigurationIsVisible = 0;
			defaultConfigurationName = Release;
		};
/* End XCConfigurationList section */
	};
	rootObject = 2C23D9DE2B72951F00963C42 /* Project object */;
}
